
Microsoft Visual Studio Solution File, Format Version 12.00
# Visual Studio Version 17
VisualStudioVersion = 17.5.001.0
MinimumVisualStudioVersion = 10.0.40219.1
Project("{9A19103F-16F7-4668-BE54-9A1E7A4F7556}") = "SampleApi", "SampleApi.csproj", "{8409D6EF-A90B-42D3-9D38-DCA8CAF49E04}"
EndProject
Global
	GlobalSection(SolutionConfigurationPlatforms) = preSolution
		Debug|Any CPU = Debug|Any CPU
		Release|Any CPU = Release|Any CPU
	EndGlobalSection
	GlobalSection(ProjectConfigurationPlatforms) = postSolution
		{8409D6EF-A90B-42D3-9D38-DCA8CAF49E04}.Debug|Any CPU.ActiveCfg = Debug|Any CPU
		{8409D6EF-A90B-42D3-9D38-DCA8CAF49E04}.Debug|Any CPU.Build.0 = Debug|Any CPU
		{8409D6EF-A90B-42D3-9D38-DCA8CAF49E04}.Release|Any CPU.ActiveCfg = Release|Any CPU
		{8409D6EF-A90B-42D3-9D38-DCA8CAF49E04}.Release|Any CPU.Build.0 = Release|Any CPU
	EndGlobalSection
	GlobalSection(SolutionProperties) = preSolution
		HideSolutionNode = FALSE
	EndGlobalSection
	GlobalSection(ExtensibilityGlobals) = postSolution
		SolutionGuid = {6CD73B84-1AA7-4AD7-8FD7-51E4EA27B28B}
	EndGlobalSection
EndGlobal
